
Microsoft Visual Studio Solution File, Format Version 12.00
# Visual Studio Version 16
VisualStudioVersion = 16.0.31624.102
MinimumVisualStudioVersion = 10.0.40219.1
Project("{2150E333-8FDC-42A3-9474-1A3956D46DE8}") = "src", "src", "{6ED3883C-B27F-4349-8BCD-5918779A1FE5}"
EndProject
Project("{2150E333-8FDC-42A3-9474-1A3956D46DE8}") = "ApiGateways", "ApiGateways", "{870A4E98-4159-404D-AD69-35EEC8A77F3D}"
EndProject
Project("{2150E333-8FDC-42A3-9474-1A3956D46DE8}") = "BuildingBlocks", "BuildingBlocks", "{3FD2CEC7-7D92-4D50-91FE-3B1AB055EF35}"
EndProject
Project("{2150E333-8FDC-42A3-9474-1A3956D46DE8}") = "Services", "Services", "{8539DB2F-7910-4D45-B5F4-8A6F0E380D74}"
EndProject
Project("{2150E333-8FDC-42A3-9474-1A3956D46DE8}") = "WebApps", "WebApps", "{831B7D83-E8DA-42D4-9697-1C822317AEE5}"
EndProject
Project("{2150E333-8FDC-42A3-9474-1A3956D46DE8}") = "Customer", "Customer", "{C2F7CAEF-92A5-4EED-91DA-2982B1FA1395}"
EndProject
Project("{2150E333-8FDC-42A3-9474-1A3956D46DE8}") = "Invoice", "Invoice", "{59B59602-C0F1-4E43-8492-24CC7DC9BEB0}"
EndProject
Project("{2150E333-8FDC-42A3-9474-1A3956D46DE8}") = "Api", "Api", "{DAF13C43-28EB-4484-8ED3-504A374E2B20}"
EndProject
Project("{2150E333-8FDC-42A3-9474-1A3956D46DE8}") = "Domain", "Domain", "{248B3C52-616B-42F0-956E-8FF34D777EE0}"
EndProject
Project("{2150E333-8FDC-42A3-9474-1A3956D46DE8}") = "Persistence", "Persistence", "{5ADC70F2-AB73-4422-83A6-ED984C0E8D2C}"
EndProject
Project("{2150E333-8FDC-42A3-9474-1A3956D46DE8}") = "Api", "Api", "{B805086F-FB11-4029-93B4-A3551D92CB42}"
EndProject
Project("{2150E333-8FDC-42A3-9474-1A3956D46DE8}") = "Application", "Application", "{0727BCE0-D4A3-41BB-95CF-A2700CD027DD}"
EndProject
Project("{2150E333-8FDC-42A3-9474-1A3956D46DE8}") = "Domain", "Domain", "{4FAF052D-89B8-4D9F-A493-24729A991123}"
EndProject
Project("{2150E333-8FDC-42A3-9474-1A3956D46DE8}") = "Persistence", "Persistence", "{32408FD7-6DD9-4912-81E3-14F32DBC03BA}"
EndProject
Project("{9A19103F-16F7-4668-BE54-9A1E7A4F7556}") = "Customer.Api", "src\Services\Customer\Api\Customer.Api\Customer.Api.csproj", "{9F7C8E27-20B5-44A5-B2EF-939F56FA2FDD}"
EndProject
Project("{9A19103F-16F7-4668-BE54-9A1E7A4F7556}") = "SentezMicro.Web.Core", "src\WebApps\SentezMicro.Web.Core\SentezMicro.Web.Core.csproj", "{645A7E64-8B9D-41EC-8B15-A2723A699019}"
EndProject
Project("{9A19103F-16F7-4668-BE54-9A1E7A4F7556}") = "SentezMicro.WebApps.Blazor", "src\WebApps\SentezMicro.WebApps.Blazor\SentezMicro.WebApps.Blazor.csproj", "{46954395-5843-4B3D-A51E-2F4AF169B02C}"
EndProject
Project("{9A19103F-16F7-4668-BE54-9A1E7A4F7556}") = "Customer.Persistence", "src\Services\Customer\Persistence\Customer.Persistence\Customer.Persistence.csproj", "{F80A3059-E5AA-4086-9ED8-5714A41D5986}"
EndProject
Project("{2150E333-8FDC-42A3-9474-1A3956D46DE8}") = "Workshops", "Workshops", "{9AF1E7ED-A028-4BFD-96FD-DBF3A7436D3A}"
EndProject
Project("{2150E333-8FDC-42A3-9474-1A3956D46DE8}") = "RabbitMq", "RabbitMq", "{74D447B6-0C36-4264-BD05-3725B9E07D01}"
EndProject
Project("{9A19103F-16F7-4668-BE54-9A1E7A4F7556}") = "RabbitMq.Common", "src\Services\Workshops\Rabbitmq\RabbitMq.Common\RabbitMq.Common.csproj", "{C68163BE-5982-4A04-B550-9F87D719CBBB}"
EndProject
Project("{9A19103F-16F7-4668-BE54-9A1E7A4F7556}") = "RabbitMq.Consumer", "src\Services\Workshops\Rabbitmq\RabbitMq.Consumer\RabbitMq.Consumer.csproj", "{3DC24812-1138-4A5E-B7DE-704CCEFB1078}"
EndProject
Project("{9A19103F-16F7-4668-BE54-9A1E7A4F7556}") = "RabbitMq.Producer", "src\Services\Workshops\Rabbitmq\RabbitMq.Producer\RabbitMq.Producer.csproj", "{BFBD7ABE-D377-424D-9471-6C7F98D914FF}"
EndProject
Project("{9A19103F-16F7-4668-BE54-9A1E7A4F7556}") = "Customer.Domain", "src\Services\Customer\Domain\SentezMicro.Services.Customer.Domain\Customer.Domain.csproj", "{CABF2975-03CB-4A83-A476-4A3E2895CADA}"
EndProject
Project("{9A19103F-16F7-4668-BE54-9A1E7A4F7556}") = "SentezMicro.WebApps.RabbitmqConsumer", "src\WebApps\SentezMicro.WebApps.RabbitmqConsumer\SentezMicro.WebApps.RabbitmqConsumer\SentezMicro.WebApps.RabbitmqConsumer.csproj", "{3A9DBCA0-500B-4828-9715-B823E0136EB9}"
EndProject
Project("{9A19103F-16F7-4668-BE54-9A1E7A4F7556}") = "SentezMicro.WebApps.RabbitmqProducer", "src\WebApps\SentezMicro.WebApps.RabbitmqProducer\SentezMicro.WebApps.RabbitmqProducer\SentezMicro.WebApps.RabbitmqProducer.csproj", "{5EF3822C-CC10-4C23-875D-FB16A7AD19B6}"
EndProject
Project("{2150E333-8FDC-42A3-9474-1A3956D46DE8}") = "Application", "Application", "{D90C9718-DACE-4C3D-BDE2-519112914F60}"
EndProject
Project("{9A19103F-16F7-4668-BE54-9A1E7A4F7556}") = "SentezMicro.Services.Customer.Application", "src\Services\Customer\Application\SentezMicro.Services.Customer.Application\SentezMicro.Services.Customer.Application.csproj", "{9E2D0443-BB39-498C-ACA7-B2102DB94104}"
EndProject
Project("{2150E333-8FDC-42A3-9474-1A3956D46DE8}") = "EventBus", "EventBus", "{4F713132-A316-4649-8505-74B830124275}"
EndProject
Project("{2150E333-8FDC-42A3-9474-1A3956D46DE8}") = "Email", "Email", "{35984606-874E-46F6-AFA6-0ACE707D0633}"
EndProject
Project("{9A19103F-16F7-4668-BE54-9A1E7A4F7556}") = "SentezMicro.Services.Email", "src\Services\Email\SentezMicro.Services.Email\SentezMicro.Services.Email.csproj", "{3D043150-0790-4E32-A363-62A5F5E87B3C}"
EndProject
Project("{9A19103F-16F7-4668-BE54-9A1E7A4F7556}") = "EventBus.AzureServiceBus", "src\BuildingBlocks\EventBus\EventBus.AzureServiceBus\EventBus.AzureServiceBus.csproj", "{0D04C923-122D-4A36-9B9A-7B298742B3EF}"
EndProject
Project("{9A19103F-16F7-4668-BE54-9A1E7A4F7556}") = "EventBus.Base", "src\BuildingBlocks\EventBus\EventBus.Base\EventBus.Base.csproj", "{6A9EAFD9-E617-49E5-A84B-70545B98CA07}"
EndProject
Project("{9A19103F-16F7-4668-BE54-9A1E7A4F7556}") = "EventBus.Factory", "src\BuildingBlocks\EventBus\EventBus.Factory\EventBus.Factory.csproj", "{A535054C-AF5C-48AB-8145-E83F05A36146}"
EndProject
Project("{9A19103F-16F7-4668-BE54-9A1E7A4F7556}") = "EventBus.RabbitMQ", "src\BuildingBlocks\EventBus\EventBus.RabbitMQ\EventBus.RabbitMQ.csproj", "{348EBB32-47B0-4753-97AC-5B2721E5008B}"
EndProject
Project("{2150E333-8FDC-42A3-9474-1A3956D46DE8}") = "Solution Items", "Solution Items", "{C785D1A6-320F-471E-AED8-9ECBDF4D9E43}"
	ProjectSection(SolutionItems) = preProject
		docker-compose.yml = docker-compose.yml
		ServiceUrl.txt = ServiceUrl.txt
	EndProjectSection
EndProject
Project("{9A19103F-16F7-4668-BE54-9A1E7A4F7556}") = "Web.ApiGateway", "src\ApiGateways\WebApiGateway\Web.ApiGateway\Web.ApiGateway.csproj", "{8352AE53-0DCC-4C50-ADB6-EF143EE45349}"
EndProject
Project("{9A19103F-16F7-4668-BE54-9A1E7A4F7556}") = "Product.Application", "src\Services\Product\Product.Application\Product.Application\Product.Application.csproj", "{F4E96D38-7D92-4EDF-9896-58FD502845F8}"
EndProject
Project("{9A19103F-16F7-4668-BE54-9A1E7A4F7556}") = "Product.Domain", "src\Services\Product\Product.Domain\Product.Domain.csproj", "{DC8DCE9E-28B9-439A-8934-A69DCCF16758}"
EndProject
Project("{9A19103F-16F7-4668-BE54-9A1E7A4F7556}") = "Product.Persistence", "src\Services\Product\Product.Persistence\Product.Persistence\Product.Persistence.csproj", "{CF7A8B3C-B738-4171-B964-046ED09D281F}"
EndProject
Project("{9A19103F-16F7-4668-BE54-9A1E7A4F7556}") = "Product.Api", "src\Services\Product\Product.Api\Product.Api\Product.Api.csproj", "{B9B602CA-30DF-4305-B503-799446E54E8D}"
EndProject
Project("{2150E333-8FDC-42A3-9474-1A3956D46DE8}") = "consul_config", "consul_config", "{289095FD-3550-4D69-A086-F237ACD5E687}"
	ProjectSection(SolutionItems) = preProject
		consul_config\client.json = consul_config\client.json
		consul_config\server1.json = consul_config\server1.json
		consul_config\server2.json = consul_config\server2.json
		consul_config\server3.json = consul_config\server3.json
	EndProjectSection
EndProject
Project("{2150E333-8FDC-42A3-9474-1A3956D46DE8}") = "Product", "Product", "{6364BF69-90B4-48B8-B47F-A095B738F67C}"
EndProject
Project("{2150E333-8FDC-42A3-9474-1A3956D46DE8}") = "User", "User", "{15F10F49-CE91-462F-B213-98BCB4D040ED}"
EndProject
Project("{2150E333-8FDC-42A3-9474-1A3956D46DE8}") = "Report", "Report", "{9B85B906-E9AF-4721-9A4A-6674E1AEF8B4}"
EndProject
Project("{2150E333-8FDC-42A3-9474-1A3956D46DE8}") = "Api", "Api", "{DCB37D08-7152-425D-BCDD-A37D1A5F9CDD}"
EndProject
Project("{2150E333-8FDC-42A3-9474-1A3956D46DE8}") = "Domain", "Domain", "{12DC24F2-8560-453A-B781-42BE93D7D3D9}"
EndProject
Project("{2150E333-8FDC-42A3-9474-1A3956D46DE8}") = "Application", "Application", "{4BDCFB7F-C285-487F-ACD7-FD4215751BF9}"
EndProject
Project("{2150E333-8FDC-42A3-9474-1A3956D46DE8}") = "Persistence", "Persistence", "{345F1E2A-B93E-466E-9F49-2278CCC67C00}"
EndProject
Project("{2150E333-8FDC-42A3-9474-1A3956D46DE8}") = "Api", "Api", "{354FD4D4-74F6-407A-8453-B72D6B40C2D4}"
EndProject
Project("{9A19103F-16F7-4668-BE54-9A1E7A4F7556}") = "Services.Invoice.Domain", "src\Services\Invoice\Domain\Services.Invoice.Domain\Services.Invoice.Domain.csproj", "{F0549BEA-BBC4-43EB-B0DF-3273762A2E42}"
EndProject
Project("{2150E333-8FDC-42A3-9474-1A3956D46DE8}") = "Order", "Order", "{09DCED49-584D-44D7-BE36-E859089045EB}"
EndProject
Project("{FAE04EC0-301F-11D3-BF4B-00C04F79EFBC}") = "Services.Order.Domain", "src\Services\Order\Services.Order.Domain\Services.Order.Domain.csproj", "{A9087461-05FC-4CDA-8EF4-21F32AB2B389}"
EndProject
Project("{FAE04EC0-301F-11D3-BF4B-00C04F79EFBC}") = "Services.Order.Application", "src\Services\Order\Services.Order.Application\Services.Order.Application.csproj", "{ACC76568-72B2-4D30-9CCB-30C380CDAA3A}"
EndProject
Project("{FAE04EC0-301F-11D3-BF4B-00C04F79EFBC}") = "Services.Order.Infrastructure", "src\Services\Order\Services.Order.Infrastructure\Services.Order.Infrastructure.csproj", "{BE69A4F4-73A4-43F2-BB85-EE88E187057F}"
EndProject
Project("{FAE04EC0-301F-11D3-BF4B-00C04F79EFBC}") = "Services.Order.WebApi", "src\Services\Order\Services.Order.WebApi\Services.Order.WebApi.csproj", "{007D8EB5-169A-4FB7-8CC0-408BDCE58A05}"
EndProject
Global
	GlobalSection(SolutionConfigurationPlatforms) = preSolution
		Debug|Any CPU = Debug|Any CPU
		Release|Any CPU = Release|Any CPU
	EndGlobalSection
	GlobalSection(ProjectConfigurationPlatforms) = postSolution
		{9F7C8E27-20B5-44A5-B2EF-939F56FA2FDD}.Debug|Any CPU.ActiveCfg = Debug|Any CPU
		{9F7C8E27-20B5-44A5-B2EF-939F56FA2FDD}.Debug|Any CPU.Build.0 = Debug|Any CPU
		{9F7C8E27-20B5-44A5-B2EF-939F56FA2FDD}.Release|Any CPU.ActiveCfg = Release|Any CPU
		{9F7C8E27-20B5-44A5-B2EF-939F56FA2FDD}.Release|Any CPU.Build.0 = Release|Any CPU
		{645A7E64-8B9D-41EC-8B15-A2723A699019}.Debug|Any CPU.ActiveCfg = Debug|Any CPU
		{645A7E64-8B9D-41EC-8B15-A2723A699019}.Debug|Any CPU.Build.0 = Debug|Any CPU
		{645A7E64-8B9D-41EC-8B15-A2723A699019}.Release|Any CPU.ActiveCfg = Release|Any CPU
		{645A7E64-8B9D-41EC-8B15-A2723A699019}.Release|Any CPU.Build.0 = Release|Any CPU
		{46954395-5843-4B3D-A51E-2F4AF169B02C}.Debug|Any CPU.ActiveCfg = Debug|Any CPU
		{46954395-5843-4B3D-A51E-2F4AF169B02C}.Debug|Any CPU.Build.0 = Debug|Any CPU
		{46954395-5843-4B3D-A51E-2F4AF169B02C}.Release|Any CPU.ActiveCfg = Release|Any CPU
		{46954395-5843-4B3D-A51E-2F4AF169B02C}.Release|Any CPU.Build.0 = Release|Any CPU
		{F80A3059-E5AA-4086-9ED8-5714A41D5986}.Debug|Any CPU.ActiveCfg = Debug|Any CPU
		{F80A3059-E5AA-4086-9ED8-5714A41D5986}.Debug|Any CPU.Build.0 = Debug|Any CPU
		{F80A3059-E5AA-4086-9ED8-5714A41D5986}.Release|Any CPU.ActiveCfg = Release|Any CPU
		{F80A3059-E5AA-4086-9ED8-5714A41D5986}.Release|Any CPU.Build.0 = Release|Any CPU
		{C68163BE-5982-4A04-B550-9F87D719CBBB}.Debug|Any CPU.ActiveCfg = Debug|Any CPU
		{C68163BE-5982-4A04-B550-9F87D719CBBB}.Debug|Any CPU.Build.0 = Debug|Any CPU
		{C68163BE-5982-4A04-B550-9F87D719CBBB}.Release|Any CPU.ActiveCfg = Release|Any CPU
		{C68163BE-5982-4A04-B550-9F87D719CBBB}.Release|Any CPU.Build.0 = Release|Any CPU
		{3DC24812-1138-4A5E-B7DE-704CCEFB1078}.Debug|Any CPU.ActiveCfg = Debug|Any CPU
		{3DC24812-1138-4A5E-B7DE-704CCEFB1078}.Debug|Any CPU.Build.0 = Debug|Any CPU
		{3DC24812-1138-4A5E-B7DE-704CCEFB1078}.Release|Any CPU.ActiveCfg = Release|Any CPU
		{3DC24812-1138-4A5E-B7DE-704CCEFB1078}.Release|Any CPU.Build.0 = Release|Any CPU
		{BFBD7ABE-D377-424D-9471-6C7F98D914FF}.Debug|Any CPU.ActiveCfg = Debug|Any CPU
		{BFBD7ABE-D377-424D-9471-6C7F98D914FF}.Debug|Any CPU.Build.0 = Debug|Any CPU
		{BFBD7ABE-D377-424D-9471-6C7F98D914FF}.Release|Any CPU.ActiveCfg = Release|Any CPU
		{BFBD7ABE-D377-424D-9471-6C7F98D914FF}.Release|Any CPU.Build.0 = Release|Any CPU
		{CABF2975-03CB-4A83-A476-4A3E2895CADA}.Debug|Any CPU.ActiveCfg = Debug|Any CPU
		{CABF2975-03CB-4A83-A476-4A3E2895CADA}.Debug|Any CPU.Build.0 = Debug|Any CPU
		{CABF2975-03CB-4A83-A476-4A3E2895CADA}.Release|Any CPU.ActiveCfg = Release|Any CPU
		{CABF2975-03CB-4A83-A476-4A3E2895CADA}.Release|Any CPU.Build.0 = Release|Any CPU
		{3A9DBCA0-500B-4828-9715-B823E0136EB9}.Debug|Any CPU.ActiveCfg = Debug|Any CPU
		{3A9DBCA0-500B-4828-9715-B823E0136EB9}.Debug|Any CPU.Build.0 = Debug|Any CPU
		{3A9DBCA0-500B-4828-9715-B823E0136EB9}.Release|Any CPU.ActiveCfg = Release|Any CPU
		{3A9DBCA0-500B-4828-9715-B823E0136EB9}.Release|Any CPU.Build.0 = Release|Any CPU
		{5EF3822C-CC10-4C23-875D-FB16A7AD19B6}.Debug|Any CPU.ActiveCfg = Debug|Any CPU
		{5EF3822C-CC10-4C23-875D-FB16A7AD19B6}.Debug|Any CPU.Build.0 = Debug|Any CPU
		{5EF3822C-CC10-4C23-875D-FB16A7AD19B6}.Release|Any CPU.ActiveCfg = Release|Any CPU
		{5EF3822C-CC10-4C23-875D-FB16A7AD19B6}.Release|Any CPU.Build.0 = Release|Any CPU
		{9E2D0443-BB39-498C-ACA7-B2102DB94104}.Debug|Any CPU.ActiveCfg = Debug|Any CPU
		{9E2D0443-BB39-498C-ACA7-B2102DB94104}.Debug|Any CPU.Build.0 = Debug|Any CPU
		{9E2D0443-BB39-498C-ACA7-B2102DB94104}.Release|Any CPU.ActiveCfg = Release|Any CPU
		{9E2D0443-BB39-498C-ACA7-B2102DB94104}.Release|Any CPU.Build.0 = Release|Any CPU
		{3D043150-0790-4E32-A363-62A5F5E87B3C}.Debug|Any CPU.ActiveCfg = Debug|Any CPU
		{3D043150-0790-4E32-A363-62A5F5E87B3C}.Debug|Any CPU.Build.0 = Debug|Any CPU
		{3D043150-0790-4E32-A363-62A5F5E87B3C}.Release|Any CPU.ActiveCfg = Release|Any CPU
		{3D043150-0790-4E32-A363-62A5F5E87B3C}.Release|Any CPU.Build.0 = Release|Any CPU
		{0D04C923-122D-4A36-9B9A-7B298742B3EF}.Debug|Any CPU.ActiveCfg = Debug|Any CPU
		{0D04C923-122D-4A36-9B9A-7B298742B3EF}.Debug|Any CPU.Build.0 = Debug|Any CPU
		{0D04C923-122D-4A36-9B9A-7B298742B3EF}.Release|Any CPU.ActiveCfg = Release|Any CPU
		{0D04C923-122D-4A36-9B9A-7B298742B3EF}.Release|Any CPU.Build.0 = Release|Any CPU
		{6A9EAFD9-E617-49E5-A84B-70545B98CA07}.Debug|Any CPU.ActiveCfg = Debug|Any CPU
		{6A9EAFD9-E617-49E5-A84B-70545B98CA07}.Debug|Any CPU.Build.0 = Debug|Any CPU
		{6A9EAFD9-E617-49E5-A84B-70545B98CA07}.Release|Any CPU.ActiveCfg = Release|Any CPU
		{6A9EAFD9-E617-49E5-A84B-70545B98CA07}.Release|Any CPU.Build.0 = Release|Any CPU
		{A535054C-AF5C-48AB-8145-E83F05A36146}.Debug|Any CPU.ActiveCfg = Debug|Any CPU
		{A535054C-AF5C-48AB-8145-E83F05A36146}.Debug|Any CPU.Build.0 = Debug|Any CPU
		{A535054C-AF5C-48AB-8145-E83F05A36146}.Release|Any CPU.ActiveCfg = Release|Any CPU
		{A535054C-AF5C-48AB-8145-E83F05A36146}.Release|Any CPU.Build.0 = Release|Any CPU
		{348EBB32-47B0-4753-97AC-5B2721E5008B}.Debug|Any CPU.ActiveCfg = Debug|Any CPU
		{348EBB32-47B0-4753-97AC-5B2721E5008B}.Debug|Any CPU.Build.0 = Debug|Any CPU
		{348EBB32-47B0-4753-97AC-5B2721E5008B}.Release|Any CPU.ActiveCfg = Release|Any CPU
		{348EBB32-47B0-4753-97AC-5B2721E5008B}.Release|Any CPU.Build.0 = Release|Any CPU
		{8352AE53-0DCC-4C50-ADB6-EF143EE45349}.Debug|Any CPU.ActiveCfg = Debug|Any CPU
		{8352AE53-0DCC-4C50-ADB6-EF143EE45349}.Debug|Any CPU.Build.0 = Debug|Any CPU
		{8352AE53-0DCC-4C50-ADB6-EF143EE45349}.Release|Any CPU.ActiveCfg = Release|Any CPU
		{8352AE53-0DCC-4C50-ADB6-EF143EE45349}.Release|Any CPU.Build.0 = Release|Any CPU
		{F4E96D38-7D92-4EDF-9896-58FD502845F8}.Debug|Any CPU.ActiveCfg = Debug|Any CPU
		{F4E96D38-7D92-4EDF-9896-58FD502845F8}.Debug|Any CPU.Build.0 = Debug|Any CPU
		{F4E96D38-7D92-4EDF-9896-58FD502845F8}.Release|Any CPU.ActiveCfg = Release|Any CPU
		{F4E96D38-7D92-4EDF-9896-58FD502845F8}.Release|Any CPU.Build.0 = Release|Any CPU
		{DC8DCE9E-28B9-439A-8934-A69DCCF16758}.Debug|Any CPU.ActiveCfg = Debug|Any CPU
		{DC8DCE9E-28B9-439A-8934-A69DCCF16758}.Debug|Any CPU.Build.0 = Debug|Any CPU
		{DC8DCE9E-28B9-439A-8934-A69DCCF16758}.Release|Any CPU.ActiveCfg = Release|Any CPU
		{DC8DCE9E-28B9-439A-8934-A69DCCF16758}.Release|Any CPU.Build.0 = Release|Any CPU
		{CF7A8B3C-B738-4171-B964-046ED09D281F}.Debug|Any CPU.ActiveCfg = Debug|Any CPU
		{CF7A8B3C-B738-4171-B964-046ED09D281F}.Debug|Any CPU.Build.0 = Debug|Any CPU
		{CF7A8B3C-B738-4171-B964-046ED09D281F}.Release|Any CPU.ActiveCfg = Release|Any CPU
		{CF7A8B3C-B738-4171-B964-046ED09D281F}.Release|Any CPU.Build.0 = Release|Any CPU
		{B9B602CA-30DF-4305-B503-799446E54E8D}.Debug|Any CPU.ActiveCfg = Debug|Any CPU
		{B9B602CA-30DF-4305-B503-799446E54E8D}.Debug|Any CPU.Build.0 = Debug|Any CPU
		{B9B602CA-30DF-4305-B503-799446E54E8D}.Release|Any CPU.ActiveCfg = Release|Any CPU
		{B9B602CA-30DF-4305-B503-799446E54E8D}.Release|Any CPU.Build.0 = Release|Any CPU
		{F0549BEA-BBC4-43EB-B0DF-3273762A2E42}.Debug|Any CPU.ActiveCfg = Debug|Any CPU
		{F0549BEA-BBC4-43EB-B0DF-3273762A2E42}.Debug|Any CPU.Build.0 = Debug|Any CPU
		{F0549BEA-BBC4-43EB-B0DF-3273762A2E42}.Release|Any CPU.ActiveCfg = Release|Any CPU
		{F0549BEA-BBC4-43EB-B0DF-3273762A2E42}.Release|Any CPU.Build.0 = Release|Any CPU
		{A9087461-05FC-4CDA-8EF4-21F32AB2B389}.Debug|Any CPU.ActiveCfg = Debug|Any CPU
		{A9087461-05FC-4CDA-8EF4-21F32AB2B389}.Debug|Any CPU.Build.0 = Debug|Any CPU
		{A9087461-05FC-4CDA-8EF4-21F32AB2B389}.Release|Any CPU.ActiveCfg = Release|Any CPU
		{A9087461-05FC-4CDA-8EF4-21F32AB2B389}.Release|Any CPU.Build.0 = Release|Any CPU
		{ACC76568-72B2-4D30-9CCB-30C380CDAA3A}.Debug|Any CPU.ActiveCfg = Debug|Any CPU
		{ACC76568-72B2-4D30-9CCB-30C380CDAA3A}.Debug|Any CPU.Build.0 = Debug|Any CPU
		{ACC76568-72B2-4D30-9CCB-30C380CDAA3A}.Release|Any CPU.ActiveCfg = Release|Any CPU
		{ACC76568-72B2-4D30-9CCB-30C380CDAA3A}.Release|Any CPU.Build.0 = Release|Any CPU
		{BE69A4F4-73A4-43F2-BB85-EE88E187057F}.Debug|Any CPU.ActiveCfg = Debug|Any CPU
		{BE69A4F4-73A4-43F2-BB85-EE88E187057F}.Debug|Any CPU.Build.0 = Debug|Any CPU
		{BE69A4F4-73A4-43F2-BB85-EE88E187057F}.Release|Any CPU.ActiveCfg = Release|Any CPU
		{BE69A4F4-73A4-43F2-BB85-EE88E187057F}.Release|Any CPU.Build.0 = Release|Any CPU
		{007D8EB5-169A-4FB7-8CC0-408BDCE58A05}.Debug|Any CPU.ActiveCfg = Debug|Any CPU
		{007D8EB5-169A-4FB7-8CC0-408BDCE58A05}.Debug|Any CPU.Build.0 = Debug|Any CPU
		{007D8EB5-169A-4FB7-8CC0-408BDCE58A05}.Release|Any CPU.ActiveCfg = Release|Any CPU
		{007D8EB5-169A-4FB7-8CC0-408BDCE58A05}.Release|Any CPU.Build.0 = Release|Any CPU
	EndGlobalSection
	GlobalSection(SolutionProperties) = preSolution
		HideSolutionNode = FALSE
	EndGlobalSection
	GlobalSection(NestedProjects) = preSolution
		{870A4E98-4159-404D-AD69-35EEC8A77F3D} = {6ED3883C-B27F-4349-8BCD-5918779A1FE5}
		{3FD2CEC7-7D92-4D50-91FE-3B1AB055EF35} = {6ED3883C-B27F-4349-8BCD-5918779A1FE5}
		{8539DB2F-7910-4D45-B5F4-8A6F0E380D74} = {6ED3883C-B27F-4349-8BCD-5918779A1FE5}
		{831B7D83-E8DA-42D4-9697-1C822317AEE5} = {6ED3883C-B27F-4349-8BCD-5918779A1FE5}
		{C2F7CAEF-92A5-4EED-91DA-2982B1FA1395} = {8539DB2F-7910-4D45-B5F4-8A6F0E380D74}
		{59B59602-C0F1-4E43-8492-24CC7DC9BEB0} = {8539DB2F-7910-4D45-B5F4-8A6F0E380D74}
		{DAF13C43-28EB-4484-8ED3-504A374E2B20} = {C2F7CAEF-92A5-4EED-91DA-2982B1FA1395}
		{248B3C52-616B-42F0-956E-8FF34D777EE0} = {C2F7CAEF-92A5-4EED-91DA-2982B1FA1395}
		{5ADC70F2-AB73-4422-83A6-ED984C0E8D2C} = {C2F7CAEF-92A5-4EED-91DA-2982B1FA1395}
		{B805086F-FB11-4029-93B4-A3551D92CB42} = {59B59602-C0F1-4E43-8492-24CC7DC9BEB0}
		{0727BCE0-D4A3-41BB-95CF-A2700CD027DD} = {59B59602-C0F1-4E43-8492-24CC7DC9BEB0}
		{4FAF052D-89B8-4D9F-A493-24729A991123} = {59B59602-C0F1-4E43-8492-24CC7DC9BEB0}
		{32408FD7-6DD9-4912-81E3-14F32DBC03BA} = {59B59602-C0F1-4E43-8492-24CC7DC9BEB0}
		{9F7C8E27-20B5-44A5-B2EF-939F56FA2FDD} = {DAF13C43-28EB-4484-8ED3-504A374E2B20}
		{645A7E64-8B9D-41EC-8B15-A2723A699019} = {831B7D83-E8DA-42D4-9697-1C822317AEE5}
		{46954395-5843-4B3D-A51E-2F4AF169B02C} = {831B7D83-E8DA-42D4-9697-1C822317AEE5}
		{F80A3059-E5AA-4086-9ED8-5714A41D5986} = {5ADC70F2-AB73-4422-83A6-ED984C0E8D2C}
		{9AF1E7ED-A028-4BFD-96FD-DBF3A7436D3A} = {8539DB2F-7910-4D45-B5F4-8A6F0E380D74}
		{74D447B6-0C36-4264-BD05-3725B9E07D01} = {9AF1E7ED-A028-4BFD-96FD-DBF3A7436D3A}
		{C68163BE-5982-4A04-B550-9F87D719CBBB} = {74D447B6-0C36-4264-BD05-3725B9E07D01}
		{3DC24812-1138-4A5E-B7DE-704CCEFB1078} = {74D447B6-0C36-4264-BD05-3725B9E07D01}
		{BFBD7ABE-D377-424D-9471-6C7F98D914FF} = {74D447B6-0C36-4264-BD05-3725B9E07D01}
		{CABF2975-03CB-4A83-A476-4A3E2895CADA} = {248B3C52-616B-42F0-956E-8FF34D777EE0}
		{3A9DBCA0-500B-4828-9715-B823E0136EB9} = {831B7D83-E8DA-42D4-9697-1C822317AEE5}
		{5EF3822C-CC10-4C23-875D-FB16A7AD19B6} = {831B7D83-E8DA-42D4-9697-1C822317AEE5}
		{D90C9718-DACE-4C3D-BDE2-519112914F60} = {C2F7CAEF-92A5-4EED-91DA-2982B1FA1395}
		{9E2D0443-BB39-498C-ACA7-B2102DB94104} = {D90C9718-DACE-4C3D-BDE2-519112914F60}
		{4F713132-A316-4649-8505-74B830124275} = {3FD2CEC7-7D92-4D50-91FE-3B1AB055EF35}
		{35984606-874E-46F6-AFA6-0ACE707D0633} = {8539DB2F-7910-4D45-B5F4-8A6F0E380D74}
		{3D043150-0790-4E32-A363-62A5F5E87B3C} = {35984606-874E-46F6-AFA6-0ACE707D0633}
		{0D04C923-122D-4A36-9B9A-7B298742B3EF} = {4F713132-A316-4649-8505-74B830124275}
		{6A9EAFD9-E617-49E5-A84B-70545B98CA07} = {4F713132-A316-4649-8505-74B830124275}
		{A535054C-AF5C-48AB-8145-E83F05A36146} = {4F713132-A316-4649-8505-74B830124275}
		{348EBB32-47B0-4753-97AC-5B2721E5008B} = {4F713132-A316-4649-8505-74B830124275}
		{8352AE53-0DCC-4C50-ADB6-EF143EE45349} = {870A4E98-4159-404D-AD69-35EEC8A77F3D}
		{F4E96D38-7D92-4EDF-9896-58FD502845F8} = {6364BF69-90B4-48B8-B47F-A095B738F67C}
		{DC8DCE9E-28B9-439A-8934-A69DCCF16758} = {6364BF69-90B4-48B8-B47F-A095B738F67C}
		{CF7A8B3C-B738-4171-B964-046ED09D281F} = {6364BF69-90B4-48B8-B47F-A095B738F67C}
		{B9B602CA-30DF-4305-B503-799446E54E8D} = {6364BF69-90B4-48B8-B47F-A095B738F67C}
		{289095FD-3550-4D69-A086-F237ACD5E687} = {C785D1A6-320F-471E-AED8-9ECBDF4D9E43}
		{6364BF69-90B4-48B8-B47F-A095B738F67C} = {8539DB2F-7910-4D45-B5F4-8A6F0E380D74}
		{15F10F49-CE91-462F-B213-98BCB4D040ED} = {8539DB2F-7910-4D45-B5F4-8A6F0E380D74}
		{9B85B906-E9AF-4721-9A4A-6674E1AEF8B4} = {8539DB2F-7910-4D45-B5F4-8A6F0E380D74}
		{DCB37D08-7152-425D-BCDD-A37D1A5F9CDD} = {15F10F49-CE91-462F-B213-98BCB4D040ED}
		{12DC24F2-8560-453A-B781-42BE93D7D3D9} = {15F10F49-CE91-462F-B213-98BCB4D040ED}
		{4BDCFB7F-C285-487F-ACD7-FD4215751BF9} = {15F10F49-CE91-462F-B213-98BCB4D040ED}
		{345F1E2A-B93E-466E-9F49-2278CCC67C00} = {15F10F49-CE91-462F-B213-98BCB4D040ED}
		{354FD4D4-74F6-407A-8453-B72D6B40C2D4} = {9B85B906-E9AF-4721-9A4A-6674E1AEF8B4}
		{F0549BEA-BBC4-43EB-B0DF-3273762A2E42} = {4FAF052D-89B8-4D9F-A493-24729A991123}
		{09DCED49-584D-44D7-BE36-E859089045EB} = {8539DB2F-7910-4D45-B5F4-8A6F0E380D74}
		{A9087461-05FC-4CDA-8EF4-21F32AB2B389} = {09DCED49-584D-44D7-BE36-E859089045EB}
		{ACC76568-72B2-4D30-9CCB-30C380CDAA3A} = {09DCED49-584D-44D7-BE36-E859089045EB}
		{BE69A4F4-73A4-43F2-BB85-EE88E187057F} = {09DCED49-584D-44D7-BE36-E859089045EB}
		{007D8EB5-169A-4FB7-8CC0-408BDCE58A05} = {09DCED49-584D-44D7-BE36-E859089045EB}
	EndGlobalSection
	GlobalSection(ExtensibilityGlobals) = postSolution
		SolutionGuid = {4C075BB0-8FE8-42ED-9A72-3BF5087C51A9}
	EndGlobalSection
EndGlobal
